
Microsoft Visual Studio Solution File, Format Version 12.00
# Visual Studio Version 16
VisualStudioVersion = 16.0.31729.503
MinimumVisualStudioVersion = 10.0.40219.1
Project("{FAE04EC0-301F-11D3-BF4B-00C04F79EFBC}") = "CSC240-04-01-ExceptionsOnPurpose-bpc", "CSC240-04-01-ExceptionsOnPurpose-bpc.csproj", "{D0888404-9163-4545-B5E7-9263692EB2DF}"
EndProject
Global
	GlobalSection(SolutionConfigurationPlatforms) = preSolution
		Debug|Any CPU = Debug|Any CPU
		Release|Any CPU = Release|Any CPU
	EndGlobalSection
	GlobalSection(ProjectConfigurationPlatforms) = postSolution
		{D0888404-9163-4545-B5E7-9263692EB2DF}.Debug|Any CPU.ActiveCfg = Debug|Any CPU
		{D0888404-9163-4545-B5E7-9263692EB2DF}.Debug|Any CPU.Build.0 = Debug|Any CPU
		{D0888404-9163-4545-B5E7-9263692EB2DF}.Release|Any CPU.ActiveCfg = Release|Any CPU
		{D0888404-9163-4545-B5E7-9263692EB2DF}.Release|Any CPU.Build.0 = Release|Any CPU
	EndGlobalSection
	GlobalSection(SolutionProperties) = preSolution
		HideSolutionNode = FALSE
	EndGlobalSection
	GlobalSection(ExtensibilityGlobals) = postSolution
		SolutionGuid = {1F19CB28-A0BD-4A34-8C8B-88E76E67C30E}
	EndGlobalSection
EndGlobal
